{
  "name": "HappyBirthday2023",
  "lockfileVersion": 3,
  "requires": true,
  "packages": {
    "": {
      "dependencies": {
        "aframe-animation-component": "^5.1.2",
        "aframe-chromakey-material": "^1.1.4"
      }
    },
    "node_modules/aframe-animation-component": {
      "version": "5.1.2",
      "resolved": "https://registry.npmjs.org/aframe-animation-component/-/aframe-animation-component-5.1.2.tgz",
      "integrity": "sha512-DGUsRGB6TaN0rRKGYRrU0M1eblhpnMMYR1Vhulh0d5TxQRNszWJ5I1aHB/YW6wcj0gO89hLabSe5Is5NFpUeGg==",
      "dependencies": {
        "animejs": "2.2.0"
      }
    },
    "node_modules/aframe-chromakey-material": {
      "version": "1.1.4",
      "resolved": "https://registry.npmjs.org/aframe-chromakey-material/-/aframe-chromakey-material-1.1.4.tgz",
      "integrity": "sha512-983t8mDgJx51fEoqAJSv0vBLEvPzh7hr7KiFkpuUSH8hiSOZPx/gSncvKqsSi2mtRcQgbekUPSFZ0FHJ13Aphg=="
    },
    "node_modules/animejs": {
      "version": "2.2.0",
      "resolved": "https://registry.npmjs.org/animejs/-/animejs-2.2.0.tgz",
      "integrity": "sha512-suPqfRapTDhrfwxg1El8LlGz6qVGwoandR2uRQLQBxXavxkpIr9Uv2kNGrJIF7oa001jSxS5rRIXPHryKIshJg=="
    }
  }
}
