{
  "name": "HappyBirthday2023",
  "lockfileVersion": 3,
  "requires": true,
  "packages": {
    "": {
      "dependencies": {
        "aframe-chromakey-material": "^1.1.4"
      }
    },
    "node_modules/aframe-chromakey-material": {
      "version": "1.1.4",
      "resolved": "https://registry.npmjs.org/aframe-chromakey-material/-/aframe-chromakey-material-1.1.4.tgz",
      "integrity": "sha512-983t8mDgJx51fEoqAJSv0vBLEvPzh7hr7KiFkpuUSH8hiSOZPx/gSncvKqsSi2mtRcQgbekUPSFZ0FHJ13Aphg=="
    }
  }
}
